
Microsoft Visual Studio Solution File, Format Version 12.00
Project("{FAE04EC0-301F-11D3-BF4B-00C04F79EFBC}") = "InterviewPractice", "InterviewPractice\InterviewPractice.csproj", "{621C56D6-EB61-4797-BA04-0CE953185D2A}"
EndProject
Global
	GlobalSection(SolutionConfigurationPlatforms) = preSolution
		Debug|Any CPU = Debug|Any CPU
		Release|Any CPU = Release|Any CPU
	EndGlobalSection
	GlobalSection(ProjectConfigurationPlatforms) = postSolution
		{621C56D6-EB61-4797-BA04-0CE953185D2A}.Debug|Any CPU.ActiveCfg = Debug|Any CPU
		{621C56D6-EB61-4797-BA04-0CE953185D2A}.Debug|Any CPU.Build.0 = Debug|Any CPU
		{621C56D6-EB61-4797-BA04-0CE953185D2A}.Release|Any CPU.ActiveCfg = Release|Any CPU
		{621C56D6-EB61-4797-BA04-0CE953185D2A}.Release|Any CPU.Build.0 = Release|Any CPU
	EndGlobalSection
EndGlobal
